{
    "name": "vue2-starter-extension-pack",
    "version": "1.0.2",
    "lockfileVersion": 3,
    "requires": true,
    "packages": {
        "": {
            "name": "vue2-starter-extension-pack",
            "version": "1.0.2",
            "engines": {
                "vscode": "^1.42.0"
            }
        }
    }
}
